// !$*UTF8*$!
{
	archiveVersion = 1;
	classes = {
	};
	objectVersion = 56;
	objects = {

/* Begin PBXBuildFile section */
		0A0789F7295B9292002B90C4 /* dateRow.swift in Sources */ = {isa = PBXBuildFile; fileRef = 0A0789F6295B9292002B90C4 /* dateRow.swift */; };
		0A14F48F295B037300DB9D03 /* SignInView.swift in Sources */ = {isa = PBXBuildFile; fileRef = 0A14F48E295B037300DB9D03 /* SignInView.swift */; };
		0A14F491295B039B00DB9D03 /* SignUpView.swift in Sources */ = {isa = PBXBuildFile; fileRef = 0A14F490295B039B00DB9D03 /* SignUpView.swift */; };
		0A14F493295B044A00DB9D03 /* FavStruct.swift in Sources */ = {isa = PBXBuildFile; fileRef = 0A14F492295B044A00DB9D03 /* FavStruct.swift */; };
		0A270C8A2964E2C800124A1D /* changeProduct.swift in Sources */ = {isa = PBXBuildFile; fileRef = 0A270C892964E2C800124A1D /* changeProduct.swift */; };
		0A270C8C2964F36000124A1D /* SearchView.swift in Sources */ = {isa = PBXBuildFile; fileRef = 0A270C8B2964F36000124A1D /* SearchView.swift */; };
		0A270C8E296567A300124A1D /* test.swift in Sources */ = {isa = PBXBuildFile; fileRef = 0A270C8D296567A300124A1D /* test.swift */; };
		0A3914D3295B62B7006F8AC6 /* HomeView.swift in Sources */ = {isa = PBXBuildFile; fileRef = 0A3914D2295B62B7006F8AC6 /* HomeView.swift */; };
		0A498EE1293E3EA800949522 /* collectionFile.swift in Sources */ = {isa = PBXBuildFile; fileRef = 0A498EE0293E3EA800949522 /* collectionFile.swift */; };
		0A498EE3293EE96D00949522 /* productRow.swift in Sources */ = {isa = PBXBuildFile; fileRef = 0A498EE2293EE96D00949522 /* productRow.swift */; };
		0A604DC1293BC41000DE054B /* AccountingAppApp.swift in Sources */ = {isa = PBXBuildFile; fileRef = 0A604DC0293BC41000DE054B /* AccountingAppApp.swift */; };
		0A604DC3293BC41000DE054B /* ContentView.swift in Sources */ = {isa = PBXBuildFile; fileRef = 0A604DC2293BC41000DE054B /* ContentView.swift */; };
		0A604DC5293BC41200DE054B /* Assets.xcassets in Resources */ = {isa = PBXBuildFile; fileRef = 0A604DC4293BC41200DE054B /* Assets.xcassets */; };
		0A604DC9293BC41200DE054B /* Preview Assets.xcassets in Resources */ = {isa = PBXBuildFile; fileRef = 0A604DC8293BC41200DE054B /* Preview Assets.xcassets */; };
		0A604DD3293BC41200DE054B /* AccountingAppTests.swift in Sources */ = {isa = PBXBuildFile; fileRef = 0A604DD2293BC41200DE054B /* AccountingAppTests.swift */; };
		0A604DDD293BC41200DE054B /* AccountingAppUITests.swift in Sources */ = {isa = PBXBuildFile; fileRef = 0A604DDC293BC41200DE054B /* AccountingAppUITests.swift */; };
		0A604DDF293BC41200DE054B /* AccountingAppUITestsLaunchTests.swift in Sources */ = {isa = PBXBuildFile; fileRef = 0A604DDE293BC41200DE054B /* AccountingAppUITestsLaunchTests.swift */; };
		0AB9246B295BC50F00612207 /* calendar.swift in Sources */ = {isa = PBXBuildFile; fileRef = 0AB9246A295BC50F00612207 /* calendar.swift */; };
		0AB9246D295BCF0300612207 /* addProductView.swift in Sources */ = {isa = PBXBuildFile; fileRef = 0AB9246C295BCF0300612207 /* addProductView.swift */; };
/* End PBXBuildFile section */

/* Begin PBXContainerItemProxy section */
		0A604DCF293BC41200DE054B /* PBXContainerItemProxy */ = {
			isa = PBXContainerItemProxy;
			containerPortal = 0A604DB5293BC41000DE054B /* Project object */;
			proxyType = 1;
			remoteGlobalIDString = 0A604DBC293BC41000DE054B;
			remoteInfo = AccountingApp;
		};
		0A604DD9293BC41200DE054B /* PBXContainerItemProxy */ = {
			isa = PBXContainerItemProxy;
			containerPortal = 0A604DB5293BC41000DE054B /* Project object */;
			proxyType = 1;
			remoteGlobalIDString = 0A604DBC293BC41000DE054B;
			remoteInfo = AccountingApp;
		};
/* End PBXContainerItemProxy section */

/* Begin PBXFileReference section */
		0A0789F6295B9292002B90C4 /* dateRow.swift */ = {isa = PBXFileReference; lastKnownFileType = sourcecode.swift; path = dateRow.swift; sourceTree = "<group>"; };
		0A14F48E295B037300DB9D03 /* SignInView.swift */ = {isa = PBXFileReference; lastKnownFileType = sourcecode.swift; path = SignInView.swift; sourceTree = "<group>"; };
		0A14F490295B039B00DB9D03 /* SignUpView.swift */ = {isa = PBXFileReference; lastKnownFileType = sourcecode.swift; path = SignUpView.swift; sourceTree = "<group>"; };
		0A14F492295B044A00DB9D03 /* FavStruct.swift */ = {isa = PBXFileReference; lastKnownFileType = sourcecode.swift; path = FavStruct.swift; sourceTree = "<group>"; };
		0A270C892964E2C800124A1D /* changeProduct.swift */ = {isa = PBXFileReference; lastKnownFileType = sourcecode.swift; path = changeProduct.swift; sourceTree = "<group>"; };
		0A270C8B2964F36000124A1D /* SearchView.swift */ = {isa = PBXFileReference; lastKnownFileType = sourcecode.swift; path = SearchView.swift; sourceTree = "<group>"; };
		0A270C8D296567A300124A1D /* test.swift */ = {isa = PBXFileReference; lastKnownFileType = sourcecode.swift; path = test.swift; sourceTree = "<group>"; };
		0A3914D2295B62B7006F8AC6 /* HomeView.swift */ = {isa = PBXFileReference; lastKnownFileType = sourcecode.swift; path = HomeView.swift; sourceTree = "<group>"; };
		0A498EDF293E393F00949522 /* Info.plist */ = {isa = PBXFileReference; lastKnownFileType = text.plist; path = Info.plist; sourceTree = "<group>"; };
		0A498EE0293E3EA800949522 /* collectionFile.swift */ = {isa = PBXFileReference; lastKnownFileType = sourcecode.swift; path = collectionFile.swift; sourceTree = "<group>"; };
		0A498EE2293EE96D00949522 /* productRow.swift */ = {isa = PBXFileReference; lastKnownFileType = sourcecode.swift; path = productRow.swift; sourceTree = "<group>"; };
		0A604DBD293BC41000DE054B /* AccountingApp.app */ = {isa = PBXFileReference; explicitFileType = wrapper.application; includeInIndex = 0; path = AccountingApp.app; sourceTree = BUILT_PRODUCTS_DIR; };
		0A604DC0293BC41000DE054B /* AccountingAppApp.swift */ = {isa = PBXFileReference; lastKnownFileType = sourcecode.swift; path = AccountingAppApp.swift; sourceTree = "<group>"; };
		0A604DC2293BC41000DE054B /* ContentView.swift */ = {isa = PBXFileReference; lastKnownFileType = sourcecode.swift; path = ContentView.swift; sourceTree = "<group>"; };
		0A604DC4293BC41200DE054B /* Assets.xcassets */ = {isa = PBXFileReference; lastKnownFileType = folder.assetcatalog; path = Assets.xcassets; sourceTree = "<group>"; };
		0A604DC6293BC41200DE054B /* AccountingApp.entitlements */ = {isa = PBXFileReference; lastKnownFileType = text.plist.entitlements; path = AccountingApp.entitlements; sourceTree = "<group>"; };
		0A604DC8293BC41200DE054B /* Preview Assets.xcassets */ = {isa = PBXFileReference; lastKnownFileType = folder.assetcatalog; path = "Preview Assets.xcassets"; sourceTree = "<group>"; };
		0A604DCE293BC41200DE054B /* AccountingAppTests.xctest */ = {isa = PBXFileReference; explicitFileType = wrapper.cfbundle; includeInIndex = 0; path = AccountingAppTests.xctest; sourceTree = BUILT_PRODUCTS_DIR; };
		0A604DD2293BC41200DE054B /* AccountingAppTests.swift */ = {isa = PBXFileReference; lastKnownFileType = sourcecode.swift; path = AccountingAppTests.swift; sourceTree = "<group>"; };
		0A604DD8293BC41200DE054B /* AccountingAppUITests.xctest */ = {isa = PBXFileReference; explicitFileType = wrapper.cfbundle; includeInIndex = 0; path = AccountingAppUITests.xctest; sourceTree = BUILT_PRODUCTS_DIR; };
		0A604DDC293BC41200DE054B /* AccountingAppUITests.swift */ = {isa = PBXFileReference; lastKnownFileType = sourcecode.swift; path = AccountingAppUITests.swift; sourceTree = "<group>"; };
		0A604DDE293BC41200DE054B /* AccountingAppUITestsLaunchTests.swift */ = {isa = PBXFileReference; lastKnownFileType = sourcecode.swift; path = AccountingAppUITestsLaunchTests.swift; sourceTree = "<group>"; };
		0AB9246A295BC50F00612207 /* calendar.swift */ = {isa = PBXFileReference; lastKnownFileType = sourcecode.swift; path = calendar.swift; sourceTree = "<group>"; };
		0AB9246C295BCF0300612207 /* addProductView.swift */ = {isa = PBXFileReference; lastKnownFileType = sourcecode.swift; path = addProductView.swift; sourceTree = "<group>"; };
/* End PBXFileReference section */

/* Begin PBXFrameworksBuildPhase section */
		0A604DBA293BC41000DE054B /* Frameworks */ = {
			isa = PBXFrameworksBuildPhase;
			buildActionMask = 2147483647;
			files = (
			);
			runOnlyForDeploymentPostprocessing = 0;
		};
		0A604DCB293BC41200DE054B /* Frameworks */ = {
			isa = PBXFrameworksBuildPhase;
			buildActionMask = 2147483647;
			files = (
			);
			runOnlyForDeploymentPostprocessing = 0;
		};
		0A604DD5293BC41200DE054B /* Frameworks */ = {
			isa = PBXFrameworksBuildPhase;
			buildActionMask = 2147483647;
			files = (
			);
			runOnlyForDeploymentPostprocessing = 0;
		};
/* End PBXFrameworksBuildPhase section */

/* Begin PBXGroup section */
		0A604DB4293BC41000DE054B = {
			isa = PBXGroup;
			children = (
				0A604DBF293BC41000DE054B /* AccountingApp */,
				0A604DD1293BC41200DE054B /* AccountingAppTests */,
				0A604DDB293BC41200DE054B /* AccountingAppUITests */,
				0A604DBE293BC41000DE054B /* Products */,
			);
			sourceTree = "<group>";
		};
		0A604DBE293BC41000DE054B /* Products */ = {
			isa = PBXGroup;
			children = (
				0A604DBD293BC41000DE054B /* AccountingApp.app */,
				0A604DCE293BC41200DE054B /* AccountingAppTests.xctest */,
				0A604DD8293BC41200DE054B /* AccountingAppUITests.xctest */,
			);
			name = Products;
			sourceTree = "<group>";
		};
		0A604DBF293BC41000DE054B /* AccountingApp */ = {
			isa = PBXGroup;
			children = (
				0A498EDF293E393F00949522 /* Info.plist */,
				0A604DC0293BC41000DE054B /* AccountingAppApp.swift */,
				0A3914D2295B62B7006F8AC6 /* HomeView.swift */,
				0AB9246C295BCF0300612207 /* addProductView.swift */,
				0AB9246A295BC50F00612207 /* calendar.swift */,
				0A270C8B2964F36000124A1D /* SearchView.swift */,
				0A270C892964E2C800124A1D /* changeProduct.swift */,
				0A0789F6295B9292002B90C4 /* dateRow.swift */,
				0A604DC2293BC41000DE054B /* ContentView.swift */,
				0A14F48E295B037300DB9D03 /* SignInView.swift */,
				0A14F490295B039B00DB9D03 /* SignUpView.swift */,
				0A14F492295B044A00DB9D03 /* FavStruct.swift */,
				0A498EE2293EE96D00949522 /* productRow.swift */,
				0A270C8D296567A300124A1D /* test.swift */,
				0A498EE0293E3EA800949522 /* collectionFile.swift */,
				0A604DC4293BC41200DE054B /* Assets.xcassets */,
				0A604DC6293BC41200DE054B /* AccountingApp.entitlements */,
				0A604DC7293BC41200DE054B /* Preview Content */,
			);
			path = AccountingApp;
			sourceTree = "<group>";
		};
		0A604DC7293BC41200DE054B /* Preview Content */ = {
			isa = PBXGroup;
			children = (
				0A604DC8293BC41200DE054B /* Preview Assets.xcassets */,
			);
			path = "Preview Content";
			sourceTree = "<group>";
		};
		0A604DD1293BC41200DE054B /* AccountingAppTests */ = {
			isa = PBXGroup;
			children = (
				0A604DD2293BC41200DE054B /* AccountingAppTests.swift */,
			);
			path = AccountingAppTests;
			sourceTree = "<group>";
		};
		0A604DDB293BC41200DE054B /* AccountingAppUITests */ = {
			isa = PBXGroup;
			children = (
				0A604DDC293BC41200DE054B /* AccountingAppUITests.swift */,
				0A604DDE293BC41200DE054B /* AccountingAppUITestsLaunchTests.swift */,
			);
			path = AccountingAppUITests;
			sourceTree = "<group>";
		};
/* End PBXGroup section */

/* Begin PBXNativeTarget section */
		0A604DBC293BC41000DE054B /* AccountingApp */ = {
			isa = PBXNativeTarget;
			buildConfigurationList = 0A604DE2293BC41200DE054B /* Build configuration list for PBXNativeTarget "AccountingApp" */;
			buildPhases = (
				0A604DB9293BC41000DE054B /* Sources */,
				0A604DBA293BC41000DE054B /* Frameworks */,
				0A604DBB293BC41000DE054B /* Resources */,
			);
			buildRules = (
			);
			dependencies = (
			);
			name = AccountingApp;
			productName = AccountingApp;
			productReference = 0A604DBD293BC41000DE054B /* AccountingApp.app */;
			productType = "com.apple.product-type.application";
		};
		0A604DCD293BC41200DE054B /* AccountingAppTests */ = {
			isa = PBXNativeTarget;
			buildConfigurationList = 0A604DE5293BC41200DE054B /* Build configuration list for PBXNativeTarget "AccountingAppTests" */;
			buildPhases = (
				0A604DCA293BC41200DE054B /* Sources */,
				0A604DCB293BC41200DE054B /* Frameworks */,
				0A604DCC293BC41200DE054B /* Resources */,
			);
			buildRules = (
			);
			dependencies = (
				0A604DD0293BC41200DE054B /* PBXTargetDependency */,
			);
			name = AccountingAppTests;
			productName = AccountingAppTests;
			productReference = 0A604DCE293BC41200DE054B /* AccountingAppTests.xctest */;
			productType = "com.apple.product-type.bundle.unit-test";
		};
		0A604DD7293BC41200DE054B /* AccountingAppUITests */ = {
			isa = PBXNativeTarget;
			buildConfigurationList = 0A604DE8293BC41200DE054B /* Build configuration list for PBXNativeTarget "AccountingAppUITests" */;
			buildPhases = (
				0A604DD4293BC41200DE054B /* Sources */,
				0A604DD5293BC41200DE054B /* Frameworks */,
				0A604DD6293BC41200DE054B /* Resources */,
			);
			buildRules = (
			);
			dependencies = (
				0A604DDA293BC41200DE054B /* PBXTargetDependency */,
			);
			name = AccountingAppUITests;
			productName = AccountingAppUITests;
			productReference = 0A604DD8293BC41200DE054B /* AccountingAppUITests.xctest */;
			productType = "com.apple.product-type.bundle.ui-testing";
		};
/* End PBXNativeTarget section */

/* Begin PBXProject section */
		0A604DB5293BC41000DE054B /* Project object */ = {
			isa = PBXProject;
			attributes = {
				BuildIndependentTargetsInParallel = 1;
				LastSwiftUpdateCheck = 1410;
				LastUpgradeCheck = 1410;
				TargetAttributes = {
					0A604DBC293BC41000DE054B = {
						CreatedOnToolsVersion = 14.1;
					};
					0A604DCD293BC41200DE054B = {
						CreatedOnToolsVersion = 14.1;
						TestTargetID = 0A604DBC293BC41000DE054B;
					};
					0A604DD7293BC41200DE054B = {
						CreatedOnToolsVersion = 14.1;
						TestTargetID = 0A604DBC293BC41000DE054B;
					};
				};
			};
			buildConfigurationList = 0A604DB8293BC41000DE054B /* Build configuration list for PBXProject "AccountingApp" */;
			compatibilityVersion = "Xcode 14.0";
			developmentRegion = en;
			hasScannedForEncodings = 0;
			knownRegions = (
				en,
				Base,
			);
			mainGroup = 0A604DB4293BC41000DE054B;
			productRefGroup = 0A604DBE293BC41000DE054B /* Products */;
			projectDirPath = "";
			projectRoot = "";
			targets = (
				0A604DBC293BC41000DE054B /* AccountingApp */,
				0A604DCD293BC41200DE054B /* AccountingAppTests */,
				0A604DD7293BC41200DE054B /* AccountingAppUITests */,
			);
		};
/* End PBXProject section */

/* Begin PBXResourcesBuildPhase section */
		0A604DBB293BC41000DE054B /* Resources */ = {
			isa = PBXResourcesBuildPhase;
			buildActionMask = 2147483647;
			files = (
				0A604DC9293BC41200DE054B /* Preview Assets.xcassets in Resources */,
				0A604DC5293BC41200DE054B /* Assets.xcassets in Resources */,
			);
			runOnlyForDeploymentPostprocessing = 0;
		};
		0A604DCC293BC41200DE054B /* Resources */ = {
			isa = PBXResourcesBuildPhase;
			buildActionMask = 2147483647;
			files = (
			);
			runOnlyForDeploymentPostprocessing = 0;
		};
		0A604DD6293BC41200DE054B /* Resources */ = {
			isa = PBXResourcesBuildPhase;
			buildActionMask = 2147483647;
			files = (
			);
			runOnlyForDeploymentPostprocessing = 0;
		};
/* End PBXResourcesBuildPhase section */

/* Begin PBXSourcesBuildPhase section */
		0A604DB9293BC41000DE054B /* Sources */ = {
			isa = PBXSourcesBuildPhase;
			buildActionMask = 2147483647;
			files = (
				0A0789F7295B9292002B90C4 /* dateRow.swift in Sources */,
				0A14F48F295B037300DB9D03 /* SignInView.swift in Sources */,
				0A270C8A2964E2C800124A1D /* changeProduct.swift in Sources */,
				0A604DC3293BC41000DE054B /* ContentView.swift in Sources */,
				0A14F491295B039B00DB9D03 /* SignUpView.swift in Sources */,
				0A14F493295B044A00DB9D03 /* FavStruct.swift in Sources */,
				0AB9246D295BCF0300612207 /* addProductView.swift in Sources */,
				0A498EE1293E3EA800949522 /* collectionFile.swift in Sources */,
				0A270C8C2964F36000124A1D /* SearchView.swift in Sources */,
				0A3914D3295B62B7006F8AC6 /* HomeView.swift in Sources */,
				0A498EE3293EE96D00949522 /* productRow.swift in Sources */,
				0A604DC1293BC41000DE054B /* AccountingAppApp.swift in Sources */,
				0AB9246B295BC50F00612207 /* calendar.swift in Sources */,
				0A270C8E296567A300124A1D /* test.swift in Sources */,
			);
			runOnlyForDeploymentPostprocessing = 0;
		};
		0A604DCA293BC41200DE054B /* Sources */ = {
			isa = PBXSourcesBuildPhase;
			buildActionMask = 2147483647;
			files = (
				0A604DD3293BC41200DE054B /* AccountingAppTests.swift in Sources */,
			);
			runOnlyForDeploymentPostprocessing = 0;
		};
		0A604DD4293BC41200DE054B /* Sources */ = {
			isa = PBXSourcesBuildPhase;
			buildActionMask = 2147483647;
			files = (
				0A604DDD293BC41200DE054B /* AccountingAppUITests.swift in Sources */,
				0A604DDF293BC41200DE054B /* AccountingAppUITestsLaunchTests.swift in Sources */,
			);
			runOnlyForDeploymentPostprocessing = 0;
		};
/* End PBXSourcesBuildPhase section */

/* Begin PBXTargetDependency section */
		0A604DD0293BC41200DE054B /* PBXTargetDependency */ = {
			isa = PBXTargetDependency;
			target = 0A604DBC293BC41000DE054B /* AccountingApp */;
			targetProxy = 0A604DCF293BC41200DE054B /* PBXContainerItemProxy */;
		};
		0A604DDA293BC41200DE054B /* PBXTargetDependency */ = {
			isa = PBXTargetDependency;
			target = 0A604DBC293BC41000DE054B /* AccountingApp */;
			targetProxy = 0A604DD9293BC41200DE054B /* PBXContainerItemProxy */;
		};
/* End PBXTargetDependency section */

/* Begin XCBuildConfiguration section */
		0A604DE0293BC41200DE054B /* Debug */ = {
			isa = XCBuildConfiguration;
			buildSettings = {
				ALWAYS_SEARCH_USER_PATHS = NO;
				CLANG_ANALYZER_NONNULL = YES;
				CLANG_ANALYZER_NUMBER_OBJECT_CONVERSION = YES_AGGRESSIVE;
				CLANG_CXX_LANGUAGE_STANDARD = "gnu++20";
				CLANG_ENABLE_MODULES = YES;
				CLANG_ENABLE_OBJC_ARC = YES;
				CLANG_ENABLE_OBJC_WEAK = YES;
				CLANG_WARN_BLOCK_CAPTURE_AUTORELEASING = YES;
				CLANG_WARN_BOOL_CONVERSION = YES;
				CLANG_WARN_COMMA = YES;
				CLANG_WARN_CONSTANT_CONVERSION = YES;
				CLANG_WARN_DEPRECATED_OBJC_IMPLEMENTATIONS = YES;
				CLANG_WARN_DIRECT_OBJC_ISA_USAGE = YES_ERROR;
				CLANG_WARN_DOCUMENTATION_COMMENTS = YES;
				CLANG_WARN_EMPTY_BODY = YES;
				CLANG_WARN_ENUM_CONVERSION = YES;
				CLANG_WARN_INFINITE_RECURSION = YES;
				CLANG_WARN_INT_CONVERSION = YES;
				CLANG_WARN_NON_LITERAL_NULL_CONVERSION = YES;
				CLANG_WARN_OBJC_IMPLICIT_RETAIN_SELF = YES;
				CLANG_WARN_OBJC_LITERAL_CONVERSION = YES;
				CLANG_WARN_OBJC_ROOT_CLASS = YES_ERROR;
				CLANG_WARN_QUOTED_INCLUDE_IN_FRAMEWORK_HEADER = YES;
				CLANG_WARN_RANGE_LOOP_ANALYSIS = YES;
				CLANG_WARN_STRICT_PROTOTYPES = YES;
				CLANG_WARN_SUSPICIOUS_MOVE = YES;
				CLANG_WARN_UNGUARDED_AVAILABILITY = YES_AGGRESSIVE;
				CLANG_WARN_UNREACHABLE_CODE = YES;
				CLANG_WARN__DUPLICATE_METHOD_MATCH = YES;
				COPY_PHASE_STRIP = NO;
				DEBUG_INFORMATION_FORMAT = dwarf;
				ENABLE_STRICT_OBJC_MSGSEND = YES;
				ENABLE_TESTABILITY = YES;
				GCC_C_LANGUAGE_STANDARD = gnu11;
				GCC_DYNAMIC_NO_PIC = NO;
				GCC_NO_COMMON_BLOCKS = YES;
				GCC_OPTIMIZATION_LEVEL = 0;
				GCC_PREPROCESSOR_DEFINITIONS = (
					"DEBUG=1",
					"$(inherited)",
				);
				GCC_WARN_64_TO_32_BIT_CONVERSION = YES;
				GCC_WARN_ABOUT_RETURN_TYPE = YES_ERROR;
				GCC_WARN_UNDECLARED_SELECTOR = YES;
				GCC_WARN_UNINITIALIZED_AUTOS = YES_AGGRESSIVE;
				GCC_WARN_UNUSED_FUNCTION = YES;
				GCC_WARN_UNUSED_VARIABLE = YES;
				MTL_ENABLE_DEBUG_INFO = INCLUDE_SOURCE;
				MTL_FAST_MATH = YES;
				ONLY_ACTIVE_ARCH = YES;
				SWIFT_ACTIVE_COMPILATION_CONDITIONS = DEBUG;
				SWIFT_OPTIMIZATION_LEVEL = "-Onone";
			};
			name = Debug;
		};
		0A604DE1293BC41200DE054B /* Release */ = {
			isa = XCBuildConfiguration;
			buildSettings = {
				ALWAYS_SEARCH_USER_PATHS = NO;
				CLANG_ANALYZER_NONNULL = YES;
				CLANG_ANALYZER_NUMBER_OBJECT_CONVERSION = YES_AGGRESSIVE;
				CLANG_CXX_LANGUAGE_STANDARD = "gnu++20";
				CLANG_ENABLE_MODULES = YES;
				CLANG_ENABLE_OBJC_ARC = YES;
				CLANG_ENABLE_OBJC_WEAK = YES;
				CLANG_WARN_BLOCK_CAPTURE_AUTORELEASING = YES;
				CLANG_WARN_BOOL_CONVERSION = YES;
				CLANG_WARN_COMMA = YES;
				CLANG_WARN_CONSTANT_CONVERSION = YES;
				CLANG_WARN_DEPRECATED_OBJC_IMPLEMENTATIONS = YES;
				CLANG_WARN_DIRECT_OBJC_ISA_USAGE = YES_ERROR;
				CLANG_WARN_DOCUMENTATION_COMMENTS = YES;
				CLANG_WARN_EMPTY_BODY = YES;
				CLANG_WARN_ENUM_CONVERSION = YES;
				CLANG_WARN_INFINITE_RECURSION = YES;
				CLANG_WARN_INT_CONVERSION = YES;
				CLANG_WARN_NON_LITERAL_NULL_CONVERSION = YES;
				CLANG_WARN_OBJC_IMPLICIT_RETAIN_SELF = YES;
				CLANG_WARN_OBJC_LITERAL_CONVERSION = YES;
				CLANG_WARN_OBJC_ROOT_CLASS = YES_ERROR;
				CLANG_WARN_QUOTED_INCLUDE_IN_FRAMEWORK_HEADER = YES;
				CLANG_WARN_RANGE_LOOP_ANALYSIS = YES;
				CLANG_WARN_STRICT_PROTOTYPES = YES;
				CLANG_WARN_SUSPICIOUS_MOVE = YES;
				CLANG_WARN_UNGUARDED_AVAILABILITY = YES_AGGRESSIVE;
				CLANG_WARN_UNREACHABLE_CODE = YES;
				CLANG_WARN__DUPLICATE_METHOD_MATCH = YES;
				COPY_PHASE_STRIP = NO;
				DEBUG_INFORMATION_FORMAT = "dwarf-with-dsym";
				ENABLE_NS_ASSERTIONS = NO;
				ENABLE_STRICT_OBJC_MSGSEND = YES;
				GCC_C_LANGUAGE_STANDARD = gnu11;
				GCC_NO_COMMON_BLOCKS = YES;
				GCC_WARN_64_TO_32_BIT_CONVERSION = YES;
				GCC_WARN_ABOUT_RETURN_TYPE = YES_ERROR;
				GCC_WARN_UNDECLARED_SELECTOR = YES;
				GCC_WARN_UNINITIALIZED_AUTOS = YES_AGGRESSIVE;
				GCC_WARN_UNUSED_FUNCTION = YES;
				GCC_WARN_UNUSED_VARIABLE = YES;
				MTL_ENABLE_DEBUG_INFO = NO;
				MTL_FAST_MATH = YES;
				SWIFT_COMPILATION_MODE = wholemodule;
				SWIFT_OPTIMIZATION_LEVEL = "-O";
			};
			name = Release;
		};
		0A604DE3293BC41200DE054B /* Debug */ = {
			isa = XCBuildConfiguration;
			buildSettings = {
				ASSETCATALOG_COMPILER_APPICON_NAME = AppIcon;
				ASSETCATALOG_COMPILER_GLOBAL_ACCENT_COLOR_NAME = AccentColor;
				CODE_SIGN_ENTITLEMENTS = AccountingApp/AccountingApp.entitlements;
				CODE_SIGN_STYLE = Automatic;
				CURRENT_PROJECT_VERSION = 1;
				DEVELOPMENT_ASSET_PATHS = "\"AccountingApp/Preview Content\"";
				ENABLE_PREVIEWS = YES;
				GENERATE_INFOPLIST_FILE = YES;
				INFOPLIST_FILE = AccountingApp/Info.plist;
				"INFOPLIST_KEY_UIApplicationSceneManifest_Generation[sdk=iphoneos*]" = YES;
				"INFOPLIST_KEY_UIApplicationSceneManifest_Generation[sdk=iphonesimulator*]" = YES;
				"INFOPLIST_KEY_UIApplicationSupportsIndirectInputEvents[sdk=iphoneos*]" = YES;
				"INFOPLIST_KEY_UIApplicationSupportsIndirectInputEvents[sdk=iphonesimulator*]" = YES;
				"INFOPLIST_KEY_UILaunchScreen_Generation[sdk=iphoneos*]" = YES;
				"INFOPLIST_KEY_UILaunchScreen_Generation[sdk=iphonesimulator*]" = YES;
				"INFOPLIST_KEY_UIStatusBarStyle[sdk=iphoneos*]" = UIStatusBarStyleDefault;
				"INFOPLIST_KEY_UIStatusBarStyle[sdk=iphonesimulator*]" = UIStatusBarStyleDefault;
				INFOPLIST_KEY_UISupportedInterfaceOrientations_iPad = "UIInterfaceOrientationPortrait UIInterfaceOrientationPortraitUpsideDown UIInterfaceOrientationLandscapeLeft UIInterfaceOrientationLandscapeRight";
				INFOPLIST_KEY_UISupportedInterfaceOrientations_iPhone = "UIInterfaceOrientationPortrait UIInterfaceOrientationLandscapeLeft UIInterfaceOrientationLandscapeRight";
				IPHONEOS_DEPLOYMENT_TARGET = 16.1;
				LD_RUNPATH_SEARCH_PATHS = "@executable_path/Frameworks";
				"LD_RUNPATH_SEARCH_PATHS[sdk=macosx*]" = "@executable_path/../Frameworks";
				MACOSX_DEPLOYMENT_TARGET = 12.6;
				MARKETING_VERSION = 1.0;
				PRODUCT_BUNDLE_IDENTIFIER = jacky.AccountingApp;
				PRODUCT_NAME = "$(TARGET_NAME)";
				SDKROOT = auto;
				SUPPORTED_PLATFORMS = "iphoneos iphonesimulator macosx";
				SWIFT_EMIT_LOC_STRINGS = YES;
				SWIFT_VERSION = 5.0;
				TARGETED_DEVICE_FAMILY = "1,2";
			};
			name = Debug;
		};
		0A604DE4293BC41200DE054B /* Release */ = {
			isa = XCBuildConfiguration;
			buildSettings = {
				ASSETCATALOG_COMPILER_APPICON_NAME = AppIcon;
				ASSETCATALOG_COMPILER_GLOBAL_ACCENT_COLOR_NAME = AccentColor;
				CODE_SIGN_ENTITLEMENTS = AccountingApp/AccountingApp.entitlements;
				CODE_SIGN_STYLE = Automatic;
				CURRENT_PROJECT_VERSION = 1;
				DEVELOPMENT_ASSET_PATHS = "\"AccountingApp/Preview Content\"";
				ENABLE_PREVIEWS = YES;
				GENERATE_INFOPLIST_FILE = YES;
				INFOPLIST_FILE = AccountingApp/Info.plist;
				"INFOPLIST_KEY_UIApplicationSceneManifest_Generation[sdk=iphoneos*]" = YES;
				"INFOPLIST_KEY_UIApplicationSceneManifest_Generation[sdk=iphonesimulator*]" = YES;
				"INFOPLIST_KEY_UIApplicationSupportsIndirectInputEvents[sdk=iphoneos*]" = YES;
				"INFOPLIST_KEY_UIApplicationSupportsIndirectInputEvents[sdk=iphonesimulator*]" = YES;
				"INFOPLIST_KEY_UILaunchScreen_Generation[sdk=iphoneos*]" = YES;
				"INFOPLIST_KEY_UILaunchScreen_Generation[sdk=iphonesimulator*]" = YES;
				"INFOPLIST_KEY_UIStatusBarStyle[sdk=iphoneos*]" = UIStatusBarStyleDefault;
				"INFOPLIST_KEY_UIStatusBarStyle[sdk=iphonesimulator*]" = UIStatusBarStyleDefault;
				INFOPLIST_KEY_UISupportedInterfaceOrientations_iPad = "UIInterfaceOrientationPortrait UIInterfaceOrientationPortraitUpsideDown UIInterfaceOrientationLandscapeLeft UIInterfaceOrientationLandscapeRight";
				INFOPLIST_KEY_UISupportedInterfaceOrientations_iPhone = "UIInterfaceOrientationPortrait UIInterfaceOrientationLandscapeLeft UIInterfaceOrientationLandscapeRight";
				IPHONEOS_DEPLOYMENT_TARGET = 16.1;
				LD_RUNPATH_SEARCH_PATHS = "@executable_path/Frameworks";
				"LD_RUNPATH_SEARCH_PATHS[sdk=macosx*]" = "@executable_path/../Frameworks";
				MACOSX_DEPLOYMENT_TARGET = 12.6;
				MARKETING_VERSION = 1.0;
				PRODUCT_BUNDLE_IDENTIFIER = jacky.AccountingApp;
				PRODUCT_NAME = "$(TARGET_NAME)";
				SDKROOT = auto;
				SUPPORTED_PLATFORMS = "iphoneos iphonesimulator macosx";
				SWIFT_EMIT_LOC_STRINGS = YES;
				SWIFT_VERSION = 5.0;
				TARGETED_DEVICE_FAMILY = "1,2";
			};
			name = Release;
		};
		0A604DE6293BC41200DE054B /* Debug */ = {
			isa = XCBuildConfiguration;
			buildSettings = {
				ALWAYS_EMBED_SWIFT_STANDARD_LIBRARIES = YES;
				BUNDLE_LOADER = "$(TEST_HOST)";
				CODE_SIGN_STYLE = Automatic;
				CURRENT_PROJECT_VERSION = 1;
				GENERATE_INFOPLIST_FILE = YES;
				IPHONEOS_DEPLOYMENT_TARGET = 16.1;
				MACOSX_DEPLOYMENT_TARGET = 12.6;
				MARKETING_VERSION = 1.0;
				PRODUCT_BUNDLE_IDENTIFIER = jacky.AccountingAppTests;
				PRODUCT_NAME = "$(TARGET_NAME)";
				SDKROOT = auto;
				SUPPORTED_PLATFORMS = "iphoneos iphonesimulator macosx";
				SWIFT_EMIT_LOC_STRINGS = NO;
				SWIFT_VERSION = 5.0;
				TARGETED_DEVICE_FAMILY = "1,2";
				TEST_HOST = "$(BUILT_PRODUCTS_DIR)/AccountingApp.app/$(BUNDLE_EXECUTABLE_FOLDER_PATH)/AccountingApp";
			};
			name = Debug;
		};
		0A604DE7293BC41200DE054B /* Release */ = {
			isa = XCBuildConfiguration;
			buildSettings = {
				ALWAYS_EMBED_SWIFT_STANDARD_LIBRARIES = YES;
				BUNDLE_LOADER = "$(TEST_HOST)";
				CODE_SIGN_STYLE = Automatic;
				CURRENT_PROJECT_VERSION = 1;
				GENERATE_INFOPLIST_FILE = YES;
				IPHONEOS_DEPLOYMENT_TARGET = 16.1;
				MACOSX_DEPLOYMENT_TARGET = 12.6;
				MARKETING_VERSION = 1.0;
				PRODUCT_BUNDLE_IDENTIFIER = jacky.AccountingAppTests;
				PRODUCT_NAME = "$(TARGET_NAME)";
				SDKROOT = auto;
				SUPPORTED_PLATFORMS = "iphoneos iphonesimulator macosx";
				SWIFT_EMIT_LOC_STRINGS = NO;
				SWIFT_VERSION = 5.0;
				TARGETED_DEVICE_FAMILY = "1,2";
				TEST_HOST = "$(BUILT_PRODUCTS_DIR)/AccountingApp.app/$(BUNDLE_EXECUTABLE_FOLDER_PATH)/AccountingApp";
			};
			name = Release;
		};
		0A604DE9293BC41200DE054B /* Debug */ = {
			isa = XCBuildConfiguration;
			buildSettings = {
				ALWAYS_EMBED_SWIFT_STANDARD_LIBRARIES = YES;
				CODE_SIGN_STYLE = Automatic;
				CURRENT_PROJECT_VERSION = 1;
				GENERATE_INFOPLIST_FILE = YES;
				IPHONEOS_DEPLOYMENT_TARGET = 16.1;
				MACOSX_DEPLOYMENT_TARGET = 12.6;
				MARKETING_VERSION = 1.0;
				PRODUCT_BUNDLE_IDENTIFIER = jacky.AccountingAppUITests;
				PRODUCT_NAME = "$(TARGET_NAME)";
				SDKROOT = auto;
				SUPPORTED_PLATFORMS = "iphoneos iphonesimulator macosx";
				SWIFT_EMIT_LOC_STRINGS = NO;
				SWIFT_VERSION = 5.0;
				TARGETED_DEVICE_FAMILY = "1,2";
				TEST_TARGET_NAME = AccountingApp;
			};
			name = Debug;
		};
		0A604DEA293BC41200DE054B /* Release */ = {
			isa = XCBuildConfiguration;
			buildSettings = {
				ALWAYS_EMBED_SWIFT_STANDARD_LIBRARIES = YES;
				CODE_SIGN_STYLE = Automatic;
				CURRENT_PROJECT_VERSION = 1;
				GENERATE_INFOPLIST_FILE = YES;
				IPHONEOS_DEPLOYMENT_TARGET = 16.1;
				MACOSX_DEPLOYMENT_TARGET = 12.6;
				MARKETING_VERSION = 1.0;
				PRODUCT_BUNDLE_IDENTIFIER = jacky.AccountingAppUITests;
				PRODUCT_NAME = "$(TARGET_NAME)";
				SDKROOT = auto;
				SUPPORTED_PLATFORMS = "iphoneos iphonesimulator macosx";
				SWIFT_EMIT_LOC_STRINGS = NO;
				SWIFT_VERSION = 5.0;
				TARGETED_DEVICE_FAMILY = "1,2";
				TEST_TARGET_NAME = AccountingApp;
			};
			name = Release;
		};
/* End XCBuildConfiguration section */

/* Begin XCConfigurationList section */
		0A604DB8293BC41000DE054B /* Build configuration list for PBXProject "AccountingApp" */ = {
			isa = XCConfigurationList;
			buildConfigurations = (
				0A604DE0293BC41200DE054B /* Debug */,
				0A604DE1293BC41200DE054B /* Release */,
			);
			defaultConfigurationIsVisible = 0;
			defaultConfigurationName = Release;
		};
		0A604DE2293BC41200DE054B /* Build configuration list for PBXNativeTarget "AccountingApp" */ = {
			isa = XCConfigurationList;
			buildConfigurations = (
				0A604DE3293BC41200DE054B /* Debug */,
				0A604DE4293BC41200DE054B /* Release */,
			);
			defaultConfigurationIsVisible = 0;
			defaultConfigurationName = Release;
		};
		0A604DE5293BC41200DE054B /* Build configuration list for PBXNativeTarget "AccountingAppTests" */ = {
			isa = XCConfigurationList;
			buildConfigurations = (
				0A604DE6293BC41200DE054B /* Debug */,
				0A604DE7293BC41200DE054B /* Release */,
			);
			defaultConfigurationIsVisible = 0;
			defaultConfigurationName = Release;
		};
		0A604DE8293BC41200DE054B /* Build configuration list for PBXNativeTarget "AccountingAppUITests" */ = {
			isa = XCConfigurationList;
			buildConfigurations = (
				0A604DE9293BC41200DE054B /* Debug */,
				0A604DEA293BC41200DE054B /* Release */,
			);
			defaultConfigurationIsVisible = 0;
			defaultConfigurationName = Release;
		};
/* End XCConfigurationList section */
	};
	rootObject = 0A604DB5293BC41000DE054B /* Project object */;
}
